
Microsoft Visual Studio Solution File, Format Version 12.00
# Visual Studio Version 17
VisualStudioVersion = 17.0.31903.59
MinimumVisualStudioVersion = 10.0.40219.1
Project("{2150E333-8FDC-42A3-9474-1A3956D46DE8}") = "src", "src", "{B95B98B7-F427-42A3-8229-B9529C4BEBEC}"
EndProject
Project("{FAE04EC0-301F-11D3-BF4B-00C04F79EFBC}") = "TiaAgent.Contracts", "src\TiaAgent.Contracts\TiaAgent.Contracts.csproj", "{55339002-4ACF-40F9-92FF-F9685E654F7C}"
EndProject
Project("{FAE04EC0-301F-11D3-BF4B-00C04F79EFBC}") = "TiaAgent.Application", "src\TiaAgent.Application\TiaAgent.Application.csproj", "{5997BAA2-E27C-425F-945B-882E24D4B72D}"
EndProject
Project("{FAE04EC0-301F-11D3-BF4B-00C04F79EFBC}") = "TiaAgent.Openness", "src\TiaAgent.Openness\TiaAgent.Openness.csproj", "{E849ED65-595D-4C9C-B426-1DCAC14ED208}"
EndProject
Project("{FAE04EC0-301F-11D3-BF4B-00C04F79EFBC}") = "TiaAgent.Simulator", "src\TiaAgent.Simulator\TiaAgent.Simulator.csproj", "{0197B57B-97B3-40F6-B12F-412B68961524}"
EndProject
Project("{FAE04EC0-301F-11D3-BF4B-00C04F79EFBC}") = "TiaAgent.OpenCode", "src\TiaAgent.OpenCode\TiaAgent.OpenCode.csproj", "{4C76A584-B01B-4431-B0D7-A5A5B25F6C99}"
EndProject
Project("{FAE04EC0-301F-11D3-BF4B-00C04F79EFBC}") = "TiaAgent.Mcp", "src\TiaAgent.Mcp\TiaAgent.Mcp.csproj", "{7E59A6E2-18A8-4348-B79D-6F1DE613B0ED}"
EndProject
Project("{FAE04EC0-301F-11D3-BF4B-00C04F79EFBC}") = "TiaAgent.McpHost", "src\TiaAgent.McpHost\TiaAgent.McpHost.csproj", "{958044A6-034A-4C44-A45E-DF1EA0519662}"
EndProject
Project("{FAE04EC0-301F-11D3-BF4B-00C04F79EFBC}") = "TiaAgent.AddIn", "src\TiaAgent.AddIn\TiaAgent.AddIn.csproj", "{D977FA62-93C6-4E10-A75F-95D95F59ABEC}"
EndProject
Project("{2150E333-8FDC-42A3-9474-1A3956D46DE8}") = "tests", "tests", "{1AFF4291-1EE2-4B62-9949-6F9111F8CE50}"
EndProject
Project("{FAE04EC0-301F-11D3-BF4B-00C04F79EFBC}") = "TiaAgent.Contracts.Tests", "tests\TiaAgent.Contracts.Tests\TiaAgent.Contracts.Tests.csproj", "{389EAD25-583E-4C27-A7C5-164F0488C3E2}"
EndProject
Project("{FAE04EC0-301F-11D3-BF4B-00C04F79EFBC}") = "TiaAgent.Application.Tests", "tests\TiaAgent.Application.Tests\TiaAgent.Application.Tests.csproj", "{62030DB4-F20C-4CCD-8184-CA87C6EBF801}"
EndProject
Project("{FAE04EC0-301F-11D3-BF4B-00C04F79EFBC}") = "TiaAgent.Mcp.Tests", "tests\TiaAgent.Mcp.Tests\TiaAgent.Mcp.Tests.csproj", "{B6D46840-371F-4616-9E85-10AC5DC13575}"
EndProject
Project("{FAE04EC0-301F-11D3-BF4B-00C04F79EFBC}") = "TiaAgent.IntegrationTests", "tests\TiaAgent.IntegrationTests\TiaAgent.IntegrationTests.csproj", "{36564111-7B0F-4DFF-B5E2-D705067E5E8D}"
EndProject
Project("{FAE04EC0-301F-11D3-BF4B-00C04F79EFBC}") = "TiaAgent.ArchitectureTests", "tests\TiaAgent.ArchitectureTests\TiaAgent.ArchitectureTests.csproj", "{41DAAD47-6E4E-40F0-AF7A-2715F0C94192}"
EndProject
Global
	GlobalSection(SolutionConfigurationPlatforms) = preSolution
		Debug|Any CPU = Debug|Any CPU
		Release|Any CPU = Release|Any CPU
	EndGlobalSection
	GlobalSection(SolutionProperties) = preSolution
		HideSolutionNode = FALSE
	EndGlobalSection
	GlobalSection(ProjectConfigurationPlatforms) = postSolution
		{55339002-4ACF-40F9-92FF-F9685E654F7C}.Debug|Any CPU.ActiveCfg = Debug|Any CPU
		{55339002-4ACF-40F9-92FF-F9685E654F7C}.Debug|Any CPU.Build.0 = Debug|Any CPU
		{55339002-4ACF-40F9-92FF-F9685E654F7C}.Release|Any CPU.ActiveCfg = Release|Any CPU
		{55339002-4ACF-40F9-92FF-F9685E654F7C}.Release|Any CPU.Build.0 = Release|Any CPU
		{5997BAA2-E27C-425F-945B-882E24D4B72D}.Debug|Any CPU.ActiveCfg = Debug|Any CPU
		{5997BAA2-E27C-425F-945B-882E24D4B72D}.Debug|Any CPU.Build.0 = Debug|Any CPU
		{5997BAA2-E27C-425F-945B-882E24D4B72D}.Release|Any CPU.ActiveCfg = Release|Any CPU
		{5997BAA2-E27C-425F-945B-882E24D4B72D}.Release|Any CPU.Build.0 = Release|Any CPU
		{E849ED65-595D-4C9C-B426-1DCAC14ED208}.Debug|Any CPU.ActiveCfg = Debug|Any CPU
		{E849ED65-595D-4C9C-B426-1DCAC14ED208}.Debug|Any CPU.Build.0 = Debug|Any CPU
		{E849ED65-595D-4C9C-B426-1DCAC14ED208}.Release|Any CPU.ActiveCfg = Release|Any CPU
		{E849ED65-595D-4C9C-B426-1DCAC14ED208}.Release|Any CPU.Build.0 = Release|Any CPU
		{0197B57B-97B3-40F6-B12F-412B68961524}.Debug|Any CPU.ActiveCfg = Debug|Any CPU
		{0197B57B-97B3-40F6-B12F-412B68961524}.Debug|Any CPU.Build.0 = Debug|Any CPU
		{0197B57B-97B3-40F6-B12F-412B68961524}.Release|Any CPU.ActiveCfg = Release|Any CPU
		{0197B57B-97B3-40F6-B12F-412B68961524}.Release|Any CPU.Build.0 = Release|Any CPU
		{4C76A584-B01B-4431-B0D7-A5A5B25F6C99}.Debug|Any CPU.ActiveCfg = Debug|Any CPU
		{4C76A584-B01B-4431-B0D7-A5A5B25F6C99}.Debug|Any CPU.Build.0 = Debug|Any CPU
		{4C76A584-B01B-4431-B0D7-A5A5B25F6C99}.Release|Any CPU.ActiveCfg = Release|Any CPU
		{4C76A584-B01B-4431-B0D7-A5A5B25F6C99}.Release|Any CPU.Build.0 = Release|Any CPU
		{7E59A6E2-18A8-4348-B79D-6F1DE613B0ED}.Debug|Any CPU.ActiveCfg = Debug|Any CPU
		{7E59A6E2-18A8-4348-B79D-6F1DE613B0ED}.Debug|Any CPU.Build.0 = Debug|Any CPU
		{7E59A6E2-18A8-4348-B79D-6F1DE613B0ED}.Release|Any CPU.ActiveCfg = Release|Any CPU
		{7E59A6E2-18A8-4348-B79D-6F1DE613B0ED}.Release|Any CPU.Build.0 = Release|Any CPU
		{958044A6-034A-4C44-A45E-DF1EA0519662}.Debug|Any CPU.ActiveCfg = Debug|Any CPU
		{958044A6-034A-4C44-A45E-DF1EA0519662}.Debug|Any CPU.Build.0 = Debug|Any CPU
		{958044A6-034A-4C44-A45E-DF1EA0519662}.Release|Any CPU.ActiveCfg = Release|Any CPU
		{958044A6-034A-4C44-A45E-DF1EA0519662}.Release|Any CPU.Build.0 = Release|Any CPU
		{D977FA62-93C6-4E10-A75F-95D95F59ABEC}.Debug|Any CPU.ActiveCfg = Debug|Any CPU
		{D977FA62-93C6-4E10-A75F-95D95F59ABEC}.Debug|Any CPU.Build.0 = Debug|Any CPU
		{D977FA62-93C6-4E10-A75F-95D95F59ABEC}.Release|Any CPU.ActiveCfg = Release|Any CPU
		{D977FA62-93C6-4E10-A75F-95D95F59ABEC}.Release|Any CPU.Build.0 = Release|Any CPU
		{389EAD25-583E-4C27-A7C5-164F0488C3E2}.Debug|Any CPU.ActiveCfg = Debug|Any CPU
		{389EAD25-583E-4C27-A7C5-164F0488C3E2}.Debug|Any CPU.Build.0 = Debug|Any CPU
		{389EAD25-583E-4C27-A7C5-164F0488C3E2}.Release|Any CPU.ActiveCfg = Release|Any CPU
		{389EAD25-583E-4C27-A7C5-164F0488C3E2}.Release|Any CPU.Build.0 = Release|Any CPU
		{62030DB4-F20C-4CCD-8184-CA87C6EBF801}.Debug|Any CPU.ActiveCfg = Debug|Any CPU
		{62030DB4-F20C-4CCD-8184-CA87C6EBF801}.Debug|Any CPU.Build.0 = Debug|Any CPU
		{62030DB4-F20C-4CCD-8184-CA87C6EBF801}.Release|Any CPU.ActiveCfg = Release|Any CPU
		{62030DB4-F20C-4CCD-8184-CA87C6EBF801}.Release|Any CPU.Build.0 = Release|Any CPU
		{B6D46840-371F-4616-9E85-10AC5DC13575}.Debug|Any CPU.ActiveCfg = Debug|Any CPU
		{B6D46840-371F-4616-9E85-10AC5DC13575}.Debug|Any CPU.Build.0 = Debug|Any CPU
		{B6D46840-371F-4616-9E85-10AC5DC13575}.Release|Any CPU.ActiveCfg = Release|Any CPU
		{B6D46840-371F-4616-9E85-10AC5DC13575}.Release|Any CPU.Build.0 = Release|Any CPU
		{36564111-7B0F-4DFF-B5E2-D705067E5E8D}.Debug|Any CPU.ActiveCfg = Debug|Any CPU
		{36564111-7B0F-4DFF-B5E2-D705067E5E8D}.Debug|Any CPU.Build.0 = Debug|Any CPU
		{36564111-7B0F-4DFF-B5E2-D705067E5E8D}.Release|Any CPU.ActiveCfg = Release|Any CPU
		{36564111-7B0F-4DFF-B5E2-D705067E5E8D}.Release|Any CPU.Build.0 = Release|Any CPU
		{41DAAD47-6E4E-40F0-AF7A-2715F0C94192}.Debug|Any CPU.ActiveCfg = Debug|Any CPU
		{41DAAD47-6E4E-40F0-AF7A-2715F0C94192}.Debug|Any CPU.Build.0 = Debug|Any CPU
		{41DAAD47-6E4E-40F0-AF7A-2715F0C94192}.Release|Any CPU.ActiveCfg = Release|Any CPU
		{41DAAD47-6E4E-40F0-AF7A-2715F0C94192}.Release|Any CPU.Build.0 = Release|Any CPU
	EndGlobalSection
	GlobalSection(NestedProjects) = preSolution
		{55339002-4ACF-40F9-92FF-F9685E654F7C} = {B95B98B7-F427-42A3-8229-B9529C4BEBEC}
		{5997BAA2-E27C-425F-945B-882E24D4B72D} = {B95B98B7-F427-42A3-8229-B9529C4BEBEC}
		{E849ED65-595D-4C9C-B426-1DCAC14ED208} = {B95B98B7-F427-42A3-8229-B9529C4BEBEC}
		{0197B57B-97B3-40F6-B12F-412B68961524} = {B95B98B7-F427-42A3-8229-B9529C4BEBEC}
		{4C76A584-B01B-4431-B0D7-A5A5B25F6C99} = {B95B98B7-F427-42A3-8229-B9529C4BEBEC}
		{7E59A6E2-18A8-4348-B79D-6F1DE613B0ED} = {B95B98B7-F427-42A3-8229-B9529C4BEBEC}
		{958044A6-034A-4C44-A45E-DF1EA0519662} = {B95B98B7-F427-42A3-8229-B9529C4BEBEC}
		{D977FA62-93C6-4E10-A75F-95D95F59ABEC} = {B95B98B7-F427-42A3-8229-B9529C4BEBEC}
		{389EAD25-583E-4C27-A7C5-164F0488C3E2} = {1AFF4291-1EE2-4B62-9949-6F9111F8CE50}
		{62030DB4-F20C-4CCD-8184-CA87C6EBF801} = {1AFF4291-1EE2-4B62-9949-6F9111F8CE50}
		{B6D46840-371F-4616-9E85-10AC5DC13575} = {1AFF4291-1EE2-4B62-9949-6F9111F8CE50}
		{36564111-7B0F-4DFF-B5E2-D705067E5E8D} = {1AFF4291-1EE2-4B62-9949-6F9111F8CE50}
		{41DAAD47-6E4E-40F0-AF7A-2715F0C94192} = {1AFF4291-1EE2-4B62-9949-6F9111F8CE50}
	EndGlobalSection
EndGlobal
