
Microsoft Visual Studio Solution File, Format Version 12.00
# Visual Studio Version 17
VisualStudioVersion = 17.0.31903.59
MinimumVisualStudioVersion = 10.0.40219.1
Project("{2150E333-8FDC-42A3-9474-1A3956D46DE8}") = "src", "src", "{B95B98B7-F427-42A3-8229-B9529C4BEBEC}"
EndProject
Project("{FAE04EC0-301F-11D3-BF4B-00C04F79EFBC}") = "TiaAgent.Contracts", "src\TiaAgent.Contracts\TiaAgent.Contracts.csproj", "{55339002-4ACF-40F9-92FF-F9685E654F7C}"
EndProject
Project("{FAE04EC0-301F-11D3-BF4B-00C04F79EFBC}") = "TiaAgent.Application", "src\TiaAgent.Application\TiaAgent.Application.csproj", "{5997BAA2-E27C-425F-945B-882E24D4B72D}"
EndProject
Project("{FAE04EC0-301F-11D3-BF4B-00C04F79EFBC}") = "TiaAgent.AddIn", "src\TiaAgent.AddIn\TiaAgent.AddIn.csproj", "{D977FA62-93C6-4E10-A75F-95D95F59ABEC}"
EndProject
Project("{2150E333-8FDC-42A3-9474-1A3956D46DE8}") = "tests", "tests", "{1AFF4291-1EE2-4B62-9949-6F9111F8CE50}"
EndProject
Project("{FAE04EC0-301F-11D3-BF4B-00C04F79EFBC}") = "TiaAgent.Contracts.Tests", "tests\TiaAgent.Contracts.Tests\TiaAgent.Contracts.Tests.csproj", "{389EAD25-583E-4C27-A7C5-164F0488C3E2}"
EndProject
Project("{FAE04EC0-301F-11D3-BF4B-00C04F79EFBC}") = "TiaAgent.Application.Tests", "tests\TiaAgent.Application.Tests\TiaAgent.Application.Tests.csproj", "{62030DB4-F20C-4CCD-8184-CA87C6EBF801}"
EndProject
Project("{FAE04EC0-301F-11D3-BF4B-00C04F79EFBC}") = "TiaAgent.ArchitectureTests", "tests\TiaAgent.ArchitectureTests\TiaAgent.ArchitectureTests.csproj", "{41DAAD47-6E4E-40F0-AF7A-2715F0C94192}"
EndProject
Project("{FAE04EC0-301F-11D3-BF4B-00C04F79EFBC}") = "TiaAgent.Bridge", "src\TiaAgent.Bridge\TiaAgent.Bridge.csproj", "{C9EB2752-E898-48AA-B96E-7DE4A72147FB}"
EndProject
Project("{FAE04EC0-301F-11D3-BF4B-00C04F79EFBC}") = "TiaAgent.Bridge.Tests", "tests\TiaAgent.Bridge.Tests\TiaAgent.Bridge.Tests.csproj", "{A1B2C3D4-E5F6-7890-ABCD-EF1234567890}"
EndProject
Project("{FAE04EC0-301F-11D3-BF4B-00C04F79EFBC}") = "TiaAgent.Runtime.Tests", "tests\TiaAgent.Runtime.Tests\TiaAgent.Runtime.Tests.csproj", "{85105338-84B9-4DA4-B501-BFF026BFA48E}"
EndProject
Project("{FAE04EC0-301F-11D3-BF4B-00C04F79EFBC}") = "TiaAgent.Cli", "src\TiaAgent.Cli\TiaAgent.Cli.csproj", "{7D99F218-1234-4567-89AB-CDEF01234567}"
EndProject
Project("{FAE04EC0-301F-11D3-BF4B-00C04F79EFBC}") = "TiaAgent.Cli.Tests", "tests\TiaAgent.Cli.Tests\TiaAgent.Cli.Tests.csproj", "{E3F78912-3456-789A-BCDE-F01234567890}"
EndProject
Global
	GlobalSection(SolutionConfigurationPlatforms) = preSolution
		Debug|Any CPU = Debug|Any CPU
		Release|Any CPU = Release|Any CPU
	EndGlobalSection
	GlobalSection(SolutionProperties) = preSolution
		HideSolutionNode = FALSE
	EndGlobalSection
	GlobalSection(ProjectConfigurationPlatforms) = postSolution
		{55339002-4ACF-40F9-92FF-F9685E654F7C}.Debug|Any CPU.ActiveCfg = Debug|Any CPU
		{55339002-4ACF-40F9-92FF-F9685E654F7C}.Debug|Any CPU.Build.0 = Debug|Any CPU
		{55339002-4ACF-40F9-92FF-F9685E654F7C}.Release|Any CPU.ActiveCfg = Release|Any CPU
		{55339002-4ACF-40F9-92FF-F9685E654F7C}.Release|Any CPU.Build.0 = Release|Any CPU
		{5997BAA2-E27C-425F-945B-882E24D4B72D}.Debug|Any CPU.ActiveCfg = Debug|Any CPU
		{5997BAA2-E27C-425F-945B-882E24D4B72D}.Debug|Any CPU.Build.0 = Debug|Any CPU
		{5997BAA2-E27C-425F-945B-882E24D4B72D}.Release|Any CPU.ActiveCfg = Release|Any CPU
		{5997BAA2-E27C-425F-945B-882E24D4B72D}.Release|Any CPU.Build.0 = Release|Any CPU
		{D977FA62-93C6-4E10-A75F-95D95F59ABEC}.Debug|Any CPU.ActiveCfg = Debug|Any CPU
		{D977FA62-93C6-4E10-A75F-95D95F59ABEC}.Debug|Any CPU.Build.0 = Debug|Any CPU
		{D977FA62-93C6-4E10-A75F-95D95F59ABEC}.Release|Any CPU.ActiveCfg = Release|Any CPU
		{D977FA62-93C6-4E10-A75F-95D95F59ABEC}.Release|Any CPU.Build.0 = Release|Any CPU
		{389EAD25-583E-4C27-A7C5-164F0488C3E2}.Debug|Any CPU.ActiveCfg = Debug|Any CPU
		{389EAD25-583E-4C27-A7C5-164F0488C3E2}.Debug|Any CPU.Build.0 = Debug|Any CPU
		{389EAD25-583E-4C27-A7C5-164F0488C3E2}.Release|Any CPU.ActiveCfg = Release|Any CPU
		{389EAD25-583E-4C27-A7C5-164F0488C3E2}.Release|Any CPU.Build.0 = Release|Any CPU
		{62030DB4-F20C-4CCD-8184-CA87C6EBF801}.Debug|Any CPU.ActiveCfg = Debug|Any CPU
		{62030DB4-F20C-4CCD-8184-CA87C6EBF801}.Debug|Any CPU.Build.0 = Debug|Any CPU
		{62030DB4-F20C-4CCD-8184-CA87C6EBF801}.Release|Any CPU.ActiveCfg = Release|Any CPU
		{62030DB4-F20C-4CCD-8184-CA87C6EBF801}.Release|Any CPU.Build.0 = Release|Any CPU
		{41DAAD47-6E4E-40F0-AF7A-2715F0C94192}.Debug|Any CPU.ActiveCfg = Debug|Any CPU
		{41DAAD47-6E4E-40F0-AF7A-2715F0C94192}.Debug|Any CPU.Build.0 = Debug|Any CPU
		{41DAAD47-6E4E-40F0-AF7A-2715F0C94192}.Release|Any CPU.ActiveCfg = Release|Any CPU
		{41DAAD47-6E4E-40F0-AF7A-2715F0C94192}.Release|Any CPU.Build.0 = Release|Any CPU
		{C9EB2752-E898-48AA-B96E-7DE4A72147FB}.Debug|Any CPU.ActiveCfg = Debug|Any CPU
		{C9EB2752-E898-48AA-B96E-7DE4A72147FB}.Debug|Any CPU.Build.0 = Debug|Any CPU
		{C9EB2752-E898-48AA-B96E-7DE4A72147FB}.Release|Any CPU.ActiveCfg = Release|Any CPU
		{C9EB2752-E898-48AA-B96E-7DE4A72147FB}.Release|Any CPU.Build.0 = Release|Any CPU
		{A1B2C3D4-E5F6-7890-ABCD-EF1234567890}.Debug|Any CPU.ActiveCfg = Debug|Any CPU
		{A1B2C3D4-E5F6-7890-ABCD-EF1234567890}.Debug|Any CPU.Build.0 = Debug|Any CPU
		{A1B2C3D4-E5F6-7890-ABCD-EF1234567890}.Release|Any CPU.ActiveCfg = Release|Any CPU
		{A1B2C3D4-E5F6-7890-ABCD-EF1234567890}.Release|Any CPU.Build.0 = Release|Any CPU
		{85105338-84B9-4DA4-B501-BFF026BFA48E}.Debug|Any CPU.ActiveCfg = Debug|Any CPU
		{85105338-84B9-4DA4-B501-BFF026BFA48E}.Debug|Any CPU.Build.0 = Debug|Any CPU
		{85105338-84B9-4DA4-B501-BFF026BFA48E}.Release|Any CPU.ActiveCfg = Release|Any CPU
		{85105338-84B9-4DA4-B501-BFF026BFA48E}.Release|Any CPU.Build.0 = Release|Any CPU
		{7D99F218-1234-4567-89AB-CDEF01234567}.Debug|Any CPU.ActiveCfg = Debug|Any CPU
		{7D99F218-1234-4567-89AB-CDEF01234567}.Debug|Any CPU.Build.0 = Debug|Any CPU
		{7D99F218-1234-4567-89AB-CDEF01234567}.Release|Any CPU.ActiveCfg = Release|Any CPU
		{7D99F218-1234-4567-89AB-CDEF01234567}.Release|Any CPU.Build.0 = Release|Any CPU
		{E3F78912-3456-789A-BCDE-F01234567890}.Debug|Any CPU.ActiveCfg = Debug|Any CPU
		{E3F78912-3456-789A-BCDE-F01234567890}.Debug|Any CPU.Build.0 = Debug|Any CPU
		{E3F78912-3456-789A-BCDE-F01234567890}.Release|Any CPU.ActiveCfg = Release|Any CPU
		{E3F78912-3456-789A-BCDE-F01234567890}.Release|Any CPU.Build.0 = Release|Any CPU
	EndGlobalSection
	GlobalSection(NestedProjects) = preSolution
		{55339002-4ACF-40F9-92FF-F9685E654F7C} = {B95B98B7-F427-42A3-8229-B9529C4BEBEC}
		{5997BAA2-E27C-425F-945B-882E24D4B72D} = {B95B98B7-F427-42A3-8229-B9529C4BEBEC}
		{D977FA62-93C6-4E10-A75F-95D95F59ABEC} = {B95B98B7-F427-42A3-8229-B9529C4BEBEC}
		{389EAD25-583E-4C27-A7C5-164F0488C3E2} = {1AFF4291-1EE2-4B62-9949-6F9111F8CE50}
		{62030DB4-F20C-4CCD-8184-CA87C6EBF801} = {1AFF4291-1EE2-4B62-9949-6F9111F8CE50}
		{41DAAD47-6E4E-40F0-AF7A-2715F0C94192} = {1AFF4291-1EE2-4B62-9949-6F9111F8CE50}
		{C9EB2752-E898-48AA-B96E-7DE4A72147FB} = {B95B98B7-F427-42A3-8229-B9529C4BEBEC}
		{A1B2C3D4-E5F6-7890-ABCD-EF1234567890} = {1AFF4291-1EE2-4B62-9949-6F9111F8CE50}
		{85105338-84B9-4DA4-B501-BFF026BFA48E} = {1AFF4291-1EE2-4B62-9949-6F9111F8CE50}
		{7D99F218-1234-4567-89AB-CDEF01234567} = {B95B98B7-F427-42A3-8229-B9529C4BEBEC}
		{E3F78912-3456-789A-BCDE-F01234567890} = {1AFF4291-1EE2-4B62-9949-6F9111F8CE50}
	EndGlobalSection
EndGlobal
